// !$*UTF8*$!
{
	archiveVersion = 1;
	classes = {
	};
	objectVersion = 46;
	objects = {

/* Begin PBXBuildFile section */
		9A7258241A7F34F500A1EB30 /* main.m in Sources */ = {isa = PBXBuildFile; fileRef = 9A7258231A7F34F500A1EB30 /* main.m */; };
		9A7258271A7F34F500A1EB30 /* AppDelegate.m in Sources */ = {isa = PBXBuildFile; fileRef = 9A7258261A7F34F500A1EB30 /* AppDelegate.m */; };
		9A72582F1A7F34F500A1EB30 /* Images.xcassets in Resources */ = {isa = PBXBuildFile; fileRef = 9A72582E1A7F34F500A1EB30 /* Images.xcassets */; };
		9A72583E1A7F34F500A1EB30 /* TabbedApllicationTests.m in Sources */ = {isa = PBXBuildFile; fileRef = 9A72583D1A7F34F500A1EB30 /* TabbedApllicationTests.m */; };
		9A72584A1A7F35C800A1EB30 /* ViewController.m in Sources */ = {isa = PBXBuildFile; fileRef = 9A7258481A7F35C800A1EB30 /* ViewController.m */; };
		9A72584B1A7F35C800A1EB30 /* ViewController.xib in Resources */ = {isa = PBXBuildFile; fileRef = 9A7258491A7F35C800A1EB30 /* ViewController.xib */; };
		9A72584F1A7F35E400A1EB30 /* SecondViewController.m in Sources */ = {isa = PBXBuildFile; fileRef = 9A72584D1A7F35E400A1EB30 /* SecondViewController.m */; };
		9A7258501A7F35E400A1EB30 /* SecondViewController.xib in Resources */ = {isa = PBXBuildFile; fileRef = 9A72584E1A7F35E400A1EB30 /* SecondViewController.xib */; };
/* End PBXBuildFile section */

/* Begin PBXContainerItemProxy section */
		9A7258381A7F34F500A1EB30 /* PBXContainerItemProxy */ = {
			isa = PBXContainerItemProxy;
			containerPortal = 9A7258161A7F34F400A1EB30 /* Project object */;
			proxyType = 1;
			remoteGlobalIDString = 9A72581D1A7F34F500A1EB30;
			remoteInfo = TabbedApllication;
		};
/* End PBXContainerItemProxy section */

/* Begin PBXFileReference section */
		9A72581E1A7F34F500A1EB30 /* TabbedApllication.app */ = {isa = PBXFileReference; explicitFileType = wrapper.application; includeInIndex = 0; path = TabbedApllication.app; sourceTree = BUILT_PRODUCTS_DIR; };
		9A7258221A7F34F500A1EB30 /* Info.plist */ = {isa = PBXFileReference; lastKnownFileType = text.plist.xml; path = Info.plist; sourceTree = "<group>"; };
		9A7258231A7F34F500A1EB30 /* main.m */ = {isa = PBXFileReference; lastKnownFileType = sourcecode.c.objc; path = main.m; sourceTree = "<group>"; };
		9A7258251A7F34F500A1EB30 /* AppDelegate.h */ = {isa = PBXFileReference; lastKnownFileType = sourcecode.c.h; path = AppDelegate.h; sourceTree = "<group>"; };
		9A7258261A7F34F500A1EB30 /* AppDelegate.m */ = {isa = PBXFileReference; lastKnownFileType = sourcecode.c.objc; path = AppDelegate.m; sourceTree = "<group>"; };
		9A72582E1A7F34F500A1EB30 /* Images.xcassets */ = {isa = PBXFileReference; lastKnownFileType = folder.assetcatalog; path = Images.xcassets; sourceTree = "<group>"; };
		9A7258371A7F34F500A1EB30 /* TabbedApllicationTests.xctest */ = {isa = PBXFileReference; explicitFileType = wrapper.cfbundle; includeInIndex = 0; path = TabbedApllicationTests.xctest; sourceTree = BUILT_PRODUCTS_DIR; };
		9A72583C1A7F34F500A1EB30 /* Info.plist */ = {isa = PBXFileReference; lastKnownFileType = text.plist.xml; path = Info.plist; sourceTree = "<group>"; };
		9A72583D1A7F34F500A1EB30 /* TabbedApllicationTests.m */ = {isa = PBXFileReference; lastKnownFileType = sourcecode.c.objc; path = TabbedApllicationTests.m; sourceTree = "<group>"; };
		9A7258471A7F35C700A1EB30 /* ViewController.h */ = {isa = PBXFileReference; fileEncoding = 4; lastKnownFileType = sourcecode.c.h; path = ViewController.h; sourceTree = "<group>"; };
		9A7258481A7F35C800A1EB30 /* ViewController.m */ = {isa = PBXFileReference; fileEncoding = 4; lastKnownFileType = sourcecode.c.objc; path = ViewController.m; sourceTree = "<group>"; };
		9A7258491A7F35C800A1EB30 /* ViewController.xib */ = {isa = PBXFileReference; fileEncoding = 4; lastKnownFileType = file.xib; path = ViewController.xib; sourceTree = "<group>"; };
		9A72584C1A7F35E400A1EB30 /* SecondViewController.h */ = {isa = PBXFileReference; fileEncoding = 4; lastKnownFileType = sourcecode.c.h; path = SecondViewController.h; sourceTree = "<group>"; };
		9A72584D1A7F35E400A1EB30 /* SecondViewController.m */ = {isa = PBXFileReference; fileEncoding = 4; lastKnownFileType = sourcecode.c.objc; path = SecondViewController.m; sourceTree = "<group>"; };
		9A72584E1A7F35E400A1EB30 /* SecondViewController.xib */ = {isa = PBXFileReference; fileEncoding = 4; lastKnownFileType = file.xib; path = SecondViewController.xib; sourceTree = "<group>"; };
/* End PBXFileReference section */

/* Begin PBXFrameworksBuildPhase section */
		9A72581B1A7F34F500A1EB30 /* Frameworks */ = {
			isa = PBXFrameworksBuildPhase;
			buildActionMask = 2147483647;
			files = (
			);
			runOnlyForDeploymentPostprocessing = 0;
		};
		9A7258341A7F34F500A1EB30 /* Frameworks */ = {
			isa = PBXFrameworksBuildPhase;
			buildActionMask = 2147483647;
			files = (
			);
			runOnlyForDeploymentPostprocessing = 0;
		};
/* End PBXFrameworksBuildPhase section */

/* Begin PBXGroup section */
		9A7258151A7F34F400A1EB30 = {
			isa = PBXGroup;
			children = (
				9A7258471A7F35C700A1EB30 /* ViewController.h */,
				9A72584C1A7F35E400A1EB30 /* SecondViewController.h */,
				9A72584D1A7F35E400A1EB30 /* SecondViewController.m */,
				9A72584E1A7F35E400A1EB30 /* SecondViewController.xib */,
				9A7258481A7F35C800A1EB30 /* ViewController.m */,
				9A7258491A7F35C800A1EB30 /* ViewController.xib */,
				9A7258201A7F34F500A1EB30 /* TabbedApllication */,
				9A72583A1A7F34F500A1EB30 /* TabbedApllicationTests */,
				9A72581F1A7F34F500A1EB30 /* Products */,
			);
			sourceTree = "<group>";
		};
		9A72581F1A7F34F500A1EB30 /* Products */ = {
			isa = PBXGroup;
			children = (
				9A72581E1A7F34F500A1EB30 /* TabbedApllication.app */,
				9A7258371A7F34F500A1EB30 /* TabbedApllicationTests.xctest */,
			);
			name = Products;
			sourceTree = "<group>";
		};
		9A7258201A7F34F500A1EB30 /* TabbedApllication */ = {
			isa = PBXGroup;
			children = (
				9A7258251A7F34F500A1EB30 /* AppDelegate.h */,
				9A7258261A7F34F500A1EB30 /* AppDelegate.m */,
				9A72582E1A7F34F500A1EB30 /* Images.xcassets */,
				9A7258211A7F34F500A1EB30 /* Supporting Files */,
			);
			path = TabbedApllication;
			sourceTree = "<group>";
		};
		9A7258211A7F34F500A1EB30 /* Supporting Files */ = {
			isa = PBXGroup;
			children = (
				9A7258221A7F34F500A1EB30 /* Info.plist */,
				9A7258231A7F34F500A1EB30 /* main.m */,
			);
			name = "Supporting Files";
			sourceTree = "<group>";
		};
		9A72583A1A7F34F500A1EB30 /* TabbedApllicationTests */ = {
			isa = PBXGroup;
			children = (
				9A72583D1A7F34F500A1EB30 /* TabbedApllicationTests.m */,
				9A72583B1A7F34F500A1EB30 /* Supporting Files */,
			);
			path = TabbedApllicationTests;
			sourceTree = "<group>";
		};
		9A72583B1A7F34F500A1EB30 /* Supporting Files */ = {
			isa = PBXGroup;
			children = (
				9A72583C1A7F34F500A1EB30 /* Info.plist */,
			);
			name = "Supporting Files";
			sourceTree = "<group>";
		};
/* End PBXGroup section */

/* Begin PBXNativeTarget section */
		9A72581D1A7F34F500A1EB30 /* TabbedApllication */ = {
			isa = PBXNativeTarget;
			buildConfigurationList = 9A7258411A7F34F600A1EB30 /* Build configuration list for PBXNativeTarget "TabbedApllication" */;
			buildPhases = (
				9A72581A1A7F34F500A1EB30 /* Sources */,
				9A72581B1A7F34F500A1EB30 /* Frameworks */,
				9A72581C1A7F34F500A1EB30 /* Resources */,
			);
			buildRules = (
			);
			dependencies = (
			);
			name = TabbedApllication;
			productName = TabbedApllication;
			productReference = 9A72581E1A7F34F500A1EB30 /* TabbedApllication.app */;
			productType = "com.apple.product-type.application";
		};
		9A7258361A7F34F500A1EB30 /* TabbedApllicationTests */ = {
			isa = PBXNativeTarget;
			buildConfigurationList = 9A7258441A7F34F600A1EB30 /* Build configuration list for PBXNativeTarget "TabbedApllicationTests" */;
			buildPhases = (
				9A7258331A7F34F500A1EB30 /* Sources */,
				9A7258341A7F34F500A1EB30 /* Frameworks */,
				9A7258351A7F34F500A1EB30 /* Resources */,
			);
			buildRules = (
			);
			dependencies = (
				9A7258391A7F34F500A1EB30 /* PBXTargetDependency */,
			);
			name = TabbedApllicationTests;
			productName = TabbedApllicationTests;
			productReference = 9A7258371A7F34F500A1EB30 /* TabbedApllicationTests.xctest */;
			productType = "com.apple.product-type.bundle.unit-test";
		};
/* End PBXNativeTarget section */

/* Begin PBXProject section */
		9A7258161A7F34F400A1EB30 /* Project object */ = {
			isa = PBXProject;
			attributes = {
				LastUpgradeCheck = 0610;
				ORGANIZATIONNAME = iphtech9;
				TargetAttributes = {
					9A72581D1A7F34F500A1EB30 = {
						CreatedOnToolsVersion = 6.1;
					};
					9A7258361A7F34F500A1EB30 = {
						CreatedOnToolsVersion = 6.1;
						TestTargetID = 9A72581D1A7F34F500A1EB30;
					};
				};
			};
			buildConfigurationList = 9A7258191A7F34F400A1EB30 /* Build configuration list for PBXProject "TabbedApllication" */;
			compatibilityVersion = "Xcode 3.2";
			developmentRegion = English;
			hasScannedForEncodings = 0;
			knownRegions = (
				en,
				Base,
			);
			mainGroup = 9A7258151A7F34F400A1EB30;
			productRefGroup = 9A72581F1A7F34F500A1EB30 /* Products */;
			projectDirPath = "";
			projectRoot = "";
			targets = (
				9A72581D1A7F34F500A1EB30 /* TabbedApllication */,
				9A7258361A7F34F500A1EB30 /* TabbedApllicationTests */,
			);
		};
/* End PBXProject section */

/* Begin PBXResourcesBuildPhase section */
		9A72581C1A7F34F500A1EB30 /* Resources */ = {
			isa = PBXResourcesBuildPhase;
			buildActionMask = 2147483647;
			files = (
				9A72584B1A7F35C800A1EB30 /* ViewController.xib in Resources */,
				9A72582F1A7F34F500A1EB30 /* Images.xcassets in Resources */,
				9A7258501A7F35E400A1EB30 /* SecondViewController.xib in Resources */,
			);
			runOnlyForDeploymentPostprocessing = 0;
		};
		9A7258351A7F34F500A1EB30 /* Resources */ = {
			isa = PBXResourcesBuildPhase;
			buildActionMask = 2147483647;
			files = (
			);
			runOnlyForDeploymentPostprocessing = 0;
		};
/* End PBXResourcesBuildPhase section */

/* Begin PBXSourcesBuildPhase section */
		9A72581A1A7F34F500A1EB30 /* Sources */ = {
			isa = PBXSourcesBuildPhase;
			buildActionMask = 2147483647;
			files = (
				9A72584F1A7F35E400A1EB30 /* SecondViewController.m in Sources */,
				9A72584A1A7F35C800A1EB30 /* ViewController.m in Sources */,
				9A7258271A7F34F500A1EB30 /* AppDelegate.m in Sources */,
				9A7258241A7F34F500A1EB30 /* main.m in Sources */,
			);
			runOnlyForDeploymentPostprocessing = 0;
		};
		9A7258331A7F34F500A1EB30 /* Sources */ = {
			isa = PBXSourcesBuildPhase;
			buildActionMask = 2147483647;
			files = (
				9A72583E1A7F34F500A1EB30 /* TabbedApllicationTests.m in Sources */,
			);
			runOnlyForDeploymentPostprocessing = 0;
		};
/* End PBXSourcesBuildPhase section */

/* Begin PBXTargetDependency section */
		9A7258391A7F34F500A1EB30 /* PBXTargetDependency */ = {
			isa = PBXTargetDependency;
			target = 9A72581D1A7F34F500A1EB30 /* TabbedApllication */;
			targetProxy = 9A7258381A7F34F500A1EB30 /* PBXContainerItemProxy */;
		};
/* End PBXTargetDependency section */

/* Begin XCBuildConfiguration section */
		9A72583F1A7F34F500A1EB30 /* Debug */ = {
			isa = XCBuildConfiguration;
			buildSettings = {
				ALWAYS_SEARCH_USER_PATHS = NO;
				CLANG_CXX_LANGUAGE_STANDARD = "gnu++0x";
				CLANG_CXX_LIBRARY = "libc++";
				CLANG_ENABLE_MODULES = YES;
				CLANG_ENABLE_OBJC_ARC = YES;
				CLANG_WARN_BOOL_CONVERSION = YES;
				CLANG_WARN_CONSTANT_CONVERSION = YES;
				CLANG_WARN_DIRECT_OBJC_ISA_USAGE = YES_ERROR;
				CLANG_WARN_EMPTY_BODY = YES;
				CLANG_WARN_ENUM_CONVERSION = YES;
				CLANG_WARN_INT_CONVERSION = YES;
				CLANG_WARN_OBJC_ROOT_CLASS = YES_ERROR;
				CLANG_WARN_UNREACHABLE_CODE = YES;
				CLANG_WARN__DUPLICATE_METHOD_MATCH = YES;
				"CODE_SIGN_IDENTITY[sdk=iphoneos*]" = "iPhone Developer";
				COPY_PHASE_STRIP = NO;
				ENABLE_STRICT_OBJC_MSGSEND = YES;
				GCC_C_LANGUAGE_STANDARD = gnu99;
				GCC_DYNAMIC_NO_PIC = NO;
				GCC_OPTIMIZATION_LEVEL = 0;
				GCC_PREPROCESSOR_DEFINITIONS = (
					"DEBUG=1",
					"$(inherited)",
				);
				GCC_SYMBOLS_PRIVATE_EXTERN = NO;
				GCC_WARN_64_TO_32_BIT_CONVERSION = YES;
				GCC_WARN_ABOUT_RETURN_TYPE = YES_ERROR;
				GCC_WARN_UNDECLARED_SELECTOR = YES;
				GCC_WARN_UNINITIALIZED_AUTOS = YES_AGGRESSIVE;
				GCC_WARN_UNUSED_FUNCTION = YES;
				GCC_WARN_UNUSED_VARIABLE = YES;
				IPHONEOS_DEPLOYMENT_TARGET = 8.1;
				MTL_ENABLE_DEBUG_INFO = YES;
				ONLY_ACTIVE_ARCH = YES;
				SDKROOT = iphoneos;
			};
			name = Debug;
		};
		9A7258401A7F34F500A1EB30 /* Release */ = {
			isa = XCBuildConfiguration;
			buildSettings = {
				ALWAYS_SEARCH_USER_PATHS = NO;
				CLANG_CXX_LANGUAGE_STANDARD = "gnu++0x";
				CLANG_CXX_LIBRARY = "libc++";
				CLANG_ENABLE_MODULES = YES;
				CLANG_ENABLE_OBJC_ARC = YES;
				CLANG_WARN_BOOL_CONVERSION = YES;
				CLANG_WARN_CONSTANT_CONVERSION = YES;
				CLANG_WARN_DIRECT_OBJC_ISA_USAGE = YES_ERROR;
				CLANG_WARN_EMPTY_BODY = YES;
				CLANG_WARN_ENUM_CONVERSION = YES;
				CLANG_WARN_INT_CONVERSION = YES;
				CLANG_WARN_OBJC_ROOT_CLASS = YES_ERROR;
				CLANG_WARN_UNREACHABLE_CODE = YES;
				CLANG_WARN__DUPLICATE_METHOD_MATCH = YES;
				"CODE_SIGN_IDENTITY[sdk=iphoneos*]" = "iPhone Developer";
				COPY_PHASE_STRIP = YES;
				ENABLE_NS_ASSERTIONS = NO;
				ENABLE_STRICT_OBJC_MSGSEND = YES;
				GCC_C_LANGUAGE_STANDARD = gnu99;
				GCC_WARN_64_TO_32_BIT_CONVERSION = YES;
				GCC_WARN_ABOUT_RETURN_TYPE = YES_ERROR;
				GCC_WARN_UNDECLARED_SELECTOR = YES;
				GCC_WARN_UNINITIALIZED_AUTOS = YES_AGGRESSIVE;
				GCC_WARN_UNUSED_FUNCTION = YES;
				GCC_WARN_UNUSED_VARIABLE = YES;
				IPHONEOS_DEPLOYMENT_TARGET = 8.1;
				MTL_ENABLE_DEBUG_INFO = NO;
				SDKROOT = iphoneos;
				VALIDATE_PRODUCT = YES;
			};
			name = Release;
		};
		9A7258421A7F34F600A1EB30 /* Debug */ = {
			isa = XCBuildConfiguration;
			buildSettings = {
				ASSETCATALOG_COMPILER_APPICON_NAME = AppIcon;
				INFOPLIST_FILE = TabbedApllication/Info.plist;
				IPHONEOS_DEPLOYMENT_TARGET = 7.0;
				LD_RUNPATH_SEARCH_PATHS = "$(inherited) @executable_path/Frameworks";
				PRODUCT_NAME = "$(TARGET_NAME)";
			};
			name = Debug;
		};
		9A7258431A7F34F600A1EB30 /* Release */ = {
			isa = XCBuildConfiguration;
			buildSettings = {
				ASSETCATALOG_COMPILER_APPICON_NAME = AppIcon;
				INFOPLIST_FILE = TabbedApllication/Info.plist;
				IPHONEOS_DEPLOYMENT_TARGET = 7.0;
				LD_RUNPATH_SEARCH_PATHS = "$(inherited) @executable_path/Frameworks";
				PRODUCT_NAME = "$(TARGET_NAME)";
			};
			name = Release;
		};
		9A7258451A7F34F600A1EB30 /* Debug */ = {
			isa = XCBuildConfiguration;
			buildSettings = {
				BUNDLE_LOADER = "$(TEST_HOST)";
				FRAMEWORK_SEARCH_PATHS = (
					"$(SDKROOT)/Developer/Library/Frameworks",
					"$(inherited)",
				);
				GCC_PREPROCESSOR_DEFINITIONS = (
					"DEBUG=1",
					"$(inherited)",
				);
				INFOPLIST_FILE = TabbedApllicationTests/Info.plist;
				LD_RUNPATH_SEARCH_PATHS = "$(inherited) @executable_path/Frameworks @loader_path/Frameworks";
				PRODUCT_NAME = "$(TARGET_NAME)";
				TEST_HOST = "$(BUILT_PRODUCTS_DIR)/TabbedApllication.app/TabbedApllication";
			};
			name = Debug;
		};
		9A7258461A7F34F600A1EB30 /* Release */ = {
			isa = XCBuildConfiguration;
			buildSettings = {
				BUNDLE_LOADER = "$(TEST_HOST)";
				FRAMEWORK_SEARCH_PATHS = (
					"$(SDKROOT)/Developer/Library/Frameworks",
					"$(inherited)",
				);
				INFOPLIST_FILE = TabbedApllicationTests/Info.plist;
				LD_RUNPATH_SEARCH_PATHS = "$(inherited) @executable_path/Frameworks @loader_path/Frameworks";
				PRODUCT_NAME = "$(TARGET_NAME)";
				TEST_HOST = "$(BUILT_PRODUCTS_DIR)/TabbedApllication.app/TabbedApllication";
			};
			name = Release;
		};
/* End XCBuildConfiguration section */

/* Begin XCConfigurationList section */
		9A7258191A7F34F400A1EB30 /* Build configuration list for PBXProject "TabbedApllication" */ = {
			isa = XCConfigurationList;
			buildConfigurations = (
				9A72583F1A7F34F500A1EB30 /* Debug */,
				9A7258401A7F34F500A1EB30 /* Release */,
			);
			defaultConfigurationIsVisible = 0;
			defaultConfigurationName = Release;
		};
		9A7258411A7F34F600A1EB30 /* Build configuration list for PBXNativeTarget "TabbedApllication" */ = {
			isa = XCConfigurationList;
			buildConfigurations = (
				9A7258421A7F34F600A1EB30 /* Debug */,
				9A7258431A7F34F600A1EB30 /* Release */,
			);
			defaultConfigurationIsVisible = 0;
		};
		9A7258441A7F34F600A1EB30 /* Build configuration list for PBXNativeTarget "TabbedApllicationTests" */ = {
			isa = XCConfigurationList;
			buildConfigurations = (
				9A7258451A7F34F600A1EB30 /* Debug */,
				9A7258461A7F34F600A1EB30 /* Release */,
			);
			defaultConfigurationIsVisible = 0;
		};
/* End XCConfigurationList section */
	};
	rootObject = 9A7258161A7F34F400A1EB30 /* Project object */;
}
